// !$*UTF8*$!
{
	archiveVersion = 1;
	classes = {
	};
	objectVersion = 50;
	objects = {

/* Begin PBXBuildFile section */
		269D472B1DD44DDDCD1A6F40 /* Pods_FMTask.framework in Frameworks */ = {isa = PBXBuildFile; fileRef = EB6379D55E5BC9CBE0EA63FB /* Pods_FMTask.framework */; };
		2DB51A7101EE293DF8EAE17E /* Pods_FMTaskUITests.framework in Frameworks */ = {isa = PBXBuildFile; fileRef = BC2AF4D4825F543FF7658884 /* Pods_FMTaskUITests.framework */; };
		64F56CE1F1E5E241A3488F93 /* Pods_FMTaskTests.framework in Frameworks */ = {isa = PBXBuildFile; fileRef = FA086AE9DC9BE08FE95A410D /* Pods_FMTaskTests.framework */; };
		B1216FEB2264B73000308486 /* CustomTableViewCell.swift in Sources */ = {isa = PBXBuildFile; fileRef = B1216FE92264B72F00308486 /* CustomTableViewCell.swift */; };
		B1216FEC2264B73000308486 /* CustomTableViewCell.xib in Resources */ = {isa = PBXBuildFile; fileRef = B1216FEA2264B72F00308486 /* CustomTableViewCell.xib */; };
		B1216FEE2264FD0300308486 /* Track.swift in Sources */ = {isa = PBXBuildFile; fileRef = B1216FED2264FD0300308486 /* Track.swift */; };
		B121700A22662DF200308486 /* CoreDataManager.swift in Sources */ = {isa = PBXBuildFile; fileRef = B121700922662DF200308486 /* CoreDataManager.swift */; };
		B13D8F24226145BF00D61686 /* SearchViewController.swift in Sources */ = {isa = PBXBuildFile; fileRef = B13D8F23226145BF00D61686 /* SearchViewController.swift */; };
		B13D8F2622621A3C00D61686 /* Artist.swift in Sources */ = {isa = PBXBuildFile; fileRef = B13D8F2522621A3C00D61686 /* Artist.swift */; };
		B13D8F2C22624A8900D61686 /* AlbumsOverviewViewController.swift in Sources */ = {isa = PBXBuildFile; fileRef = B13D8F2B22624A8900D61686 /* AlbumsOverviewViewController.swift */; };
		B13D8F2E22625FE100D61686 /* Album.swift in Sources */ = {isa = PBXBuildFile; fileRef = B13D8F2D22625FE100D61686 /* Album.swift */; };
		B13D8F312263C0DC00D61686 /* AlbumCollectionViewCell.swift in Sources */ = {isa = PBXBuildFile; fileRef = B13D8F2F2263C0DC00D61686 /* AlbumCollectionViewCell.swift */; };
		B13D8F322263C0DC00D61686 /* AlbumCollectionViewCell.xib in Resources */ = {isa = PBXBuildFile; fileRef = B13D8F302263C0DC00D61686 /* AlbumCollectionViewCell.xib */; };
		B14BA2ED2260EE2A0052C971 /* AppDelegate.swift in Sources */ = {isa = PBXBuildFile; fileRef = B14BA2EC2260EE2A0052C971 /* AppDelegate.swift */; };
		B14BA2F22260EE2A0052C971 /* Main.storyboard in Resources */ = {isa = PBXBuildFile; fileRef = B14BA2F02260EE2A0052C971 /* Main.storyboard */; };
		B14BA2F52260EE2A0052C971 /* FMTask.xcdatamodeld in Sources */ = {isa = PBXBuildFile; fileRef = B14BA2F32260EE2A0052C971 /* FMTask.xcdatamodeld */; };
		B14BA2F72260EE2C0052C971 /* Assets.xcassets in Resources */ = {isa = PBXBuildFile; fileRef = B14BA2F62260EE2C0052C971 /* Assets.xcassets */; };
		B14BA2FA2260EE2C0052C971 /* LaunchScreen.storyboard in Resources */ = {isa = PBXBuildFile; fileRef = B14BA2F82260EE2C0052C971 /* LaunchScreen.storyboard */; };
		B14BA3052260EE2C0052C971 /* FMTaskTests.swift in Sources */ = {isa = PBXBuildFile; fileRef = B14BA3042260EE2C0052C971 /* FMTaskTests.swift */; };
		B14BA3102260EE2C0052C971 /* FMTaskUITests.swift in Sources */ = {isa = PBXBuildFile; fileRef = B14BA30F2260EE2C0052C971 /* FMTaskUITests.swift */; };
		B14BA322226105160052C971 /* DetailViewController.swift in Sources */ = {isa = PBXBuildFile; fileRef = B14BA321226105160052C971 /* DetailViewController.swift */; };
		B14BA32C226109D60052C971 /* ServerManager.swift in Sources */ = {isa = PBXBuildFile; fileRef = B14BA32B226109D60052C971 /* ServerManager.swift */; };
		B14BA32E22613BBF0052C971 /* MainScreenViewController.swift in Sources */ = {isa = PBXBuildFile; fileRef = B14BA32D22613BBF0052C971 /* MainScreenViewController.swift */; };
		B18F48DD2268B8E7000ED876 /* CollectionViewFlowLayout.swift in Sources */ = {isa = PBXBuildFile; fileRef = B18F48DC2268B8E7000ED876 /* CollectionViewFlowLayout.swift */; };
		B1E64645226A755F009782F8 /* CDAlbum+CoreDataClass.swift in Sources */ = {isa = PBXBuildFile; fileRef = B1E64641226A755F009782F8 /* CDAlbum+CoreDataClass.swift */; };
		B1E64646226A755F009782F8 /* CDAlbum+CoreDataProperties.swift in Sources */ = {isa = PBXBuildFile; fileRef = B1E64642226A755F009782F8 /* CDAlbum+CoreDataProperties.swift */; };
		B1E64647226A755F009782F8 /* CDTrack+CoreDataClass.swift in Sources */ = {isa = PBXBuildFile; fileRef = B1E64643226A755F009782F8 /* CDTrack+CoreDataClass.swift */; };
		B1E64648226A755F009782F8 /* CDTrack+CoreDataProperties.swift in Sources */ = {isa = PBXBuildFile; fileRef = B1E64644226A755F009782F8 /* CDTrack+CoreDataProperties.swift */; };
/* End PBXBuildFile section */

/* Begin PBXContainerItemProxy section */
		B14BA3012260EE2C0052C971 /* PBXContainerItemProxy */ = {
			isa = PBXContainerItemProxy;
			containerPortal = B14BA2E12260EE2A0052C971 /* Project object */;
			proxyType = 1;
			remoteGlobalIDString = B14BA2E82260EE2A0052C971;
			remoteInfo = FMTask;
		};
		B14BA30C2260EE2C0052C971 /* PBXContainerItemProxy */ = {
			isa = PBXContainerItemProxy;
			containerPortal = B14BA2E12260EE2A0052C971 /* Project object */;
			proxyType = 1;
			remoteGlobalIDString = B14BA2E82260EE2A0052C971;
			remoteInfo = FMTask;
		};
/* End PBXContainerItemProxy section */

/* Begin PBXFileReference section */
		32D126E361CA888AC542739A /* Pods-FMTaskUITests.release.xcconfig */ = {isa = PBXFileReference; includeInIndex = 1; lastKnownFileType = text.xcconfig; name = "Pods-FMTaskUITests.release.xcconfig"; path = "Target Support Files/Pods-FMTaskUITests/Pods-FMTaskUITests.release.xcconfig"; sourceTree = "<group>"; };
		5D022C880297163F2CA8DBB1 /* Pods-FMTaskUITests.debug.xcconfig */ = {isa = PBXFileReference; includeInIndex = 1; lastKnownFileType = text.xcconfig; name = "Pods-FMTaskUITests.debug.xcconfig"; path = "Target Support Files/Pods-FMTaskUITests/Pods-FMTaskUITests.debug.xcconfig"; sourceTree = "<group>"; };
		5E615B78F7F286FEFC661239 /* Pods-FMTask.debug.xcconfig */ = {isa = PBXFileReference; includeInIndex = 1; lastKnownFileType = text.xcconfig; name = "Pods-FMTask.debug.xcconfig"; path = "Target Support Files/Pods-FMTask/Pods-FMTask.debug.xcconfig"; sourceTree = "<group>"; };
		8DD65CF98A3DDA53EC9A91D1 /* Pods-FMTaskTests.debug.xcconfig */ = {isa = PBXFileReference; includeInIndex = 1; lastKnownFileType = text.xcconfig; name = "Pods-FMTaskTests.debug.xcconfig"; path = "Target Support Files/Pods-FMTaskTests/Pods-FMTaskTests.debug.xcconfig"; sourceTree = "<group>"; };
		B1216FE92264B72F00308486 /* CustomTableViewCell.swift */ = {isa = PBXFileReference; lastKnownFileType = sourcecode.swift; path = CustomTableViewCell.swift; sourceTree = "<group>"; };
		B1216FEA2264B72F00308486 /* CustomTableViewCell.xib */ = {isa = PBXFileReference; lastKnownFileType = file.xib; path = CustomTableViewCell.xib; sourceTree = "<group>"; };
		B1216FED2264FD0300308486 /* Track.swift */ = {isa = PBXFileReference; lastKnownFileType = sourcecode.swift; path = Track.swift; sourceTree = "<group>"; };
		B121700922662DF200308486 /* CoreDataManager.swift */ = {isa = PBXFileReference; lastKnownFileType = sourcecode.swift; path = CoreDataManager.swift; sourceTree = "<group>"; };
		B13D8F23226145BF00D61686 /* SearchViewController.swift */ = {isa = PBXFileReference; lastKnownFileType = sourcecode.swift; path = SearchViewController.swift; sourceTree = "<group>"; };
		B13D8F2522621A3C00D61686 /* Artist.swift */ = {isa = PBXFileReference; lastKnownFileType = sourcecode.swift; path = Artist.swift; sourceTree = "<group>"; };
		B13D8F2B22624A8900D61686 /* AlbumsOverviewViewController.swift */ = {isa = PBXFileReference; lastKnownFileType = sourcecode.swift; path = AlbumsOverviewViewController.swift; sourceTree = "<group>"; };
		B13D8F2D22625FE100D61686 /* Album.swift */ = {isa = PBXFileReference; lastKnownFileType = sourcecode.swift; path = Album.swift; sourceTree = "<group>"; };
		B13D8F2F2263C0DC00D61686 /* AlbumCollectionViewCell.swift */ = {isa = PBXFileReference; lastKnownFileType = sourcecode.swift; path = AlbumCollectionViewCell.swift; sourceTree = "<group>"; };
		B13D8F302263C0DC00D61686 /* AlbumCollectionViewCell.xib */ = {isa = PBXFileReference; lastKnownFileType = file.xib; path = AlbumCollectionViewCell.xib; sourceTree = "<group>"; };
		B14BA2E92260EE2A0052C971 /* FMTask.app */ = {isa = PBXFileReference; explicitFileType = wrapper.application; includeInIndex = 0; path = FMTask.app; sourceTree = BUILT_PRODUCTS_DIR; };
		B14BA2EC2260EE2A0052C971 /* AppDelegate.swift */ = {isa = PBXFileReference; lastKnownFileType = sourcecode.swift; path = AppDelegate.swift; sourceTree = "<group>"; };
		B14BA2F12260EE2A0052C971 /* Base */ = {isa = PBXFileReference; lastKnownFileType = file.storyboard; name = Base; path = Base.lproj/Main.storyboard; sourceTree = "<group>"; };
		B14BA2F42260EE2A0052C971 /* FMTask.xcdatamodel */ = {isa = PBXFileReference; lastKnownFileType = wrapper.xcdatamodel; path = FMTask.xcdatamodel; sourceTree = "<group>"; };
		B14BA2F62260EE2C0052C971 /* Assets.xcassets */ = {isa = PBXFileReference; lastKnownFileType = folder.assetcatalog; path = Assets.xcassets; sourceTree = "<group>"; };
		B14BA2F92260EE2C0052C971 /* Base */ = {isa = PBXFileReference; lastKnownFileType = file.storyboard; name = Base; path = Base.lproj/LaunchScreen.storyboard; sourceTree = "<group>"; };
		B14BA2FB2260EE2C0052C971 /* Info.plist */ = {isa = PBXFileReference; lastKnownFileType = text.plist.xml; path = Info.plist; sourceTree = "<group>"; };
		B14BA3002260EE2C0052C971 /* FMTaskTests.xctest */ = {isa = PBXFileReference; explicitFileType = wrapper.cfbundle; includeInIndex = 0; path = FMTaskTests.xctest; sourceTree = BUILT_PRODUCTS_DIR; };
		B14BA3042260EE2C0052C971 /* FMTaskTests.swift */ = {isa = PBXFileReference; lastKnownFileType = sourcecode.swift; path = FMTaskTests.swift; sourceTree = "<group>"; };
		B14BA3062260EE2C0052C971 /* Info.plist */ = {isa = PBXFileReference; lastKnownFileType = text.plist.xml; path = Info.plist; sourceTree = "<group>"; };
		B14BA30B2260EE2C0052C971 /* FMTaskUITests.xctest */ = {isa = PBXFileReference; explicitFileType = wrapper.cfbundle; includeInIndex = 0; path = FMTaskUITests.xctest; sourceTree = BUILT_PRODUCTS_DIR; };
		B14BA30F2260EE2C0052C971 /* FMTaskUITests.swift */ = {isa = PBXFileReference; lastKnownFileType = sourcecode.swift; path = FMTaskUITests.swift; sourceTree = "<group>"; };
		B14BA3112260EE2C0052C971 /* Info.plist */ = {isa = PBXFileReference; lastKnownFileType = text.plist.xml; path = Info.plist; sourceTree = "<group>"; };
		B14BA321226105160052C971 /* DetailViewController.swift */ = {isa = PBXFileReference; lastKnownFileType = sourcecode.swift; path = DetailViewController.swift; sourceTree = "<group>"; };
		B14BA32B226109D60052C971 /* ServerManager.swift */ = {isa = PBXFileReference; lastKnownFileType = sourcecode.swift; path = ServerManager.swift; sourceTree = "<group>"; };
		B14BA32D22613BBF0052C971 /* MainScreenViewController.swift */ = {isa = PBXFileReference; lastKnownFileType = sourcecode.swift; path = MainScreenViewController.swift; sourceTree = "<group>"; };
		B18F48DC2268B8E7000ED876 /* CollectionViewFlowLayout.swift */ = {isa = PBXFileReference; lastKnownFileType = sourcecode.swift; path = CollectionViewFlowLayout.swift; sourceTree = "<group>"; };
		B1E64641226A755F009782F8 /* CDAlbum+CoreDataClass.swift */ = {isa = PBXFileReference; lastKnownFileType = sourcecode.swift; path = "CDAlbum+CoreDataClass.swift"; sourceTree = "<group>"; };
		B1E64642226A755F009782F8 /* CDAlbum+CoreDataProperties.swift */ = {isa = PBXFileReference; lastKnownFileType = sourcecode.swift; path = "CDAlbum+CoreDataProperties.swift"; sourceTree = "<group>"; };
		B1E64643226A755F009782F8 /* CDTrack+CoreDataClass.swift */ = {isa = PBXFileReference; lastKnownFileType = sourcecode.swift; path = "CDTrack+CoreDataClass.swift"; sourceTree = "<group>"; };
		B1E64644226A755F009782F8 /* CDTrack+CoreDataProperties.swift */ = {isa = PBXFileReference; lastKnownFileType = sourcecode.swift; path = "CDTrack+CoreDataProperties.swift"; sourceTree = "<group>"; };
		BC2AF4D4825F543FF7658884 /* Pods_FMTaskUITests.framework */ = {isa = PBXFileReference; explicitFileType = wrapper.framework; includeInIndex = 0; path = Pods_FMTaskUITests.framework; sourceTree = BUILT_PRODUCTS_DIR; };
		EB6379D55E5BC9CBE0EA63FB /* Pods_FMTask.framework */ = {isa = PBXFileReference; explicitFileType = wrapper.framework; includeInIndex = 0; path = Pods_FMTask.framework; sourceTree = BUILT_PRODUCTS_DIR; };
		F3E8C33C800221DA00AA5629 /* Pods-FMTaskTests.release.xcconfig */ = {isa = PBXFileReference; includeInIndex = 1; lastKnownFileType = text.xcconfig; name = "Pods-FMTaskTests.release.xcconfig"; path = "Target Support Files/Pods-FMTaskTests/Pods-FMTaskTests.release.xcconfig"; sourceTree = "<group>"; };
		F87DE8980B4643AB21D4527A /* Pods-FMTask.release.xcconfig */ = {isa = PBXFileReference; includeInIndex = 1; lastKnownFileType = text.xcconfig; name = "Pods-FMTask.release.xcconfig"; path = "Target Support Files/Pods-FMTask/Pods-FMTask.release.xcconfig"; sourceTree = "<group>"; };
		FA086AE9DC9BE08FE95A410D /* Pods_FMTaskTests.framework */ = {isa = PBXFileReference; explicitFileType = wrapper.framework; includeInIndex = 0; path = Pods_FMTaskTests.framework; sourceTree = BUILT_PRODUCTS_DIR; };
/* End PBXFileReference section */

/* Begin PBXFrameworksBuildPhase section */
		B14BA2E62260EE2A0052C971 /* Frameworks */ = {
			isa = PBXFrameworksBuildPhase;
			buildActionMask = 2147483647;
			files = (
				269D472B1DD44DDDCD1A6F40 /* Pods_FMTask.framework in Frameworks */,
			);
			runOnlyForDeploymentPostprocessing = 0;
		};
		B14BA2FD2260EE2C0052C971 /* Frameworks */ = {
			isa = PBXFrameworksBuildPhase;
			buildActionMask = 2147483647;
			files = (
				64F56CE1F1E5E241A3488F93 /* Pods_FMTaskTests.framework in Frameworks */,
			);
			runOnlyForDeploymentPostprocessing = 0;
		};
		B14BA3082260EE2C0052C971 /* Frameworks */ = {
			isa = PBXFrameworksBuildPhase;
			buildActionMask = 2147483647;
			files = (
				2DB51A7101EE293DF8EAE17E /* Pods_FMTaskUITests.framework in Frameworks */,
			);
			runOnlyForDeploymentPostprocessing = 0;
		};
/* End PBXFrameworksBuildPhase section */

/* Begin PBXGroup section */
		50722D978090FDF85DBAFD9E /* Pods */ = {
			isa = PBXGroup;
			children = (
				5E615B78F7F286FEFC661239 /* Pods-FMTask.debug.xcconfig */,
				F87DE8980B4643AB21D4527A /* Pods-FMTask.release.xcconfig */,
				8DD65CF98A3DDA53EC9A91D1 /* Pods-FMTaskTests.debug.xcconfig */,
				F3E8C33C800221DA00AA5629 /* Pods-FMTaskTests.release.xcconfig */,
				5D022C880297163F2CA8DBB1 /* Pods-FMTaskUITests.debug.xcconfig */,
				32D126E361CA888AC542739A /* Pods-FMTaskUITests.release.xcconfig */,
			);
			path = Pods;
			sourceTree = "<group>";
		};
		8884C1E34E673F684BAF3C39 /* Frameworks */ = {
			isa = PBXGroup;
			children = (
				EB6379D55E5BC9CBE0EA63FB /* Pods_FMTask.framework */,
				FA086AE9DC9BE08FE95A410D /* Pods_FMTaskTests.framework */,
				BC2AF4D4825F543FF7658884 /* Pods_FMTaskUITests.framework */,
			);
			name = Frameworks;
			sourceTree = "<group>";
		};
		B1216FF0226536A800308486 /* CoreDataModels */ = {
			isa = PBXGroup;
			children = (
				B1E64641226A755F009782F8 /* CDAlbum+CoreDataClass.swift */,
				B1E64642226A755F009782F8 /* CDAlbum+CoreDataProperties.swift */,
				B1E64643226A755F009782F8 /* CDTrack+CoreDataClass.swift */,
				B1E64644226A755F009782F8 /* CDTrack+CoreDataProperties.swift */,
			);
			name = CoreDataModels;
			sourceTree = "<group>";
		};
		B13D8F2722622EB600D61686 /* Models */ = {
			isa = PBXGroup;
			children = (
				B13D8F2522621A3C00D61686 /* Artist.swift */,
				B13D8F2D22625FE100D61686 /* Album.swift */,
				B1216FED2264FD0300308486 /* Track.swift */,
			);
			name = Models;
			sourceTree = "<group>";
		};
		B13D8F2A22622F1100D61686 /* Custom Cells */ = {
			isa = PBXGroup;
			children = (
				B13D8F2F2263C0DC00D61686 /* AlbumCollectionViewCell.swift */,
				B13D8F302263C0DC00D61686 /* AlbumCollectionViewCell.xib */,
				B1216FE92264B72F00308486 /* CustomTableViewCell.swift */,
				B1216FEA2264B72F00308486 /* CustomTableViewCell.xib */,
			);
			name = "Custom Cells";
			sourceTree = "<group>";
		};
		B14BA2E02260EE2A0052C971 = {
			isa = PBXGroup;
			children = (
				B14BA2EB2260EE2A0052C971 /* FMTask */,
				B14BA3032260EE2C0052C971 /* FMTaskTests */,
				B14BA30E2260EE2C0052C971 /* FMTaskUITests */,
				B14BA2EA2260EE2A0052C971 /* Products */,
				50722D978090FDF85DBAFD9E /* Pods */,
				8884C1E34E673F684BAF3C39 /* Frameworks */,
			);
			sourceTree = "<group>";
		};
		B14BA2EA2260EE2A0052C971 /* Products */ = {
			isa = PBXGroup;
			children = (
				B14BA2E92260EE2A0052C971 /* FMTask.app */,
				B14BA3002260EE2C0052C971 /* FMTaskTests.xctest */,
				B14BA30B2260EE2C0052C971 /* FMTaskUITests.xctest */,
			);
			name = Products;
			sourceTree = "<group>";
		};
		B14BA2EB2260EE2A0052C971 /* FMTask */ = {
			isa = PBXGroup;
			children = (
				B14BA2EC2260EE2A0052C971 /* AppDelegate.swift */,
				B14BA2F02260EE2A0052C971 /* Main.storyboard */,
				B14BA2F62260EE2C0052C971 /* Assets.xcassets */,
				B14BA2F82260EE2C0052C971 /* LaunchScreen.storyboard */,
				B14BA2FB2260EE2C0052C971 /* Info.plist */,
				B14BA2F32260EE2A0052C971 /* FMTask.xcdatamodeld */,
				B14BA32A226109B40052C971 /* Managers */,
				B14BA328226109920052C971 /* Controllers */,
				B13D8F2A22622F1100D61686 /* Custom Cells */,
				B18F48D522675D3D000ED876 /* Extensions */,
				B13D8F2722622EB600D61686 /* Models */,
				B1216FF0226536A800308486 /* CoreDataModels */,
			);
			path = FMTask;
			sourceTree = "<group>";
		};
		B14BA3032260EE2C0052C971 /* FMTaskTests */ = {
			isa = PBXGroup;
			children = (
				B14BA3042260EE2C0052C971 /* FMTaskTests.swift */,
				B14BA3062260EE2C0052C971 /* Info.plist */,
			);
			path = FMTaskTests;
			sourceTree = "<group>";
		};
		B14BA30E2260EE2C0052C971 /* FMTaskUITests */ = {
			isa = PBXGroup;
			children = (
				B14BA30F2260EE2C0052C971 /* FMTaskUITests.swift */,
				B14BA3112260EE2C0052C971 /* Info.plist */,
			);
			path = FMTaskUITests;
			sourceTree = "<group>";
		};
		B14BA328226109920052C971 /* Controllers */ = {
			isa = PBXGroup;
			children = (
				B14BA32D22613BBF0052C971 /* MainScreenViewController.swift */,
				B13D8F23226145BF00D61686 /* SearchViewController.swift */,
				B13D8F2B22624A8900D61686 /* AlbumsOverviewViewController.swift */,
				B14BA321226105160052C971 /* DetailViewController.swift */,
			);
			name = Controllers;
			sourceTree = "<group>";
		};
		B14BA32A226109B40052C971 /* Managers */ = {
			isa = PBXGroup;
			children = (
				B14BA32B226109D60052C971 /* ServerManager.swift */,
				B121700922662DF200308486 /* CoreDataManager.swift */,
			);
			name = Managers;
			sourceTree = "<group>";
		};
		B18F48D522675D3D000ED876 /* Extensions */ = {
			isa = PBXGroup;
			children = (
				B18F48DC2268B8E7000ED876 /* CollectionViewFlowLayout.swift */,
			);
			name = Extensions;
			sourceTree = "<group>";
		};
/* End PBXGroup section */

/* Begin PBXNativeTarget section */
		B14BA2E82260EE2A0052C971 /* FMTask */ = {
			isa = PBXNativeTarget;
			buildConfigurationList = B14BA3142260EE2C0052C971 /* Build configuration list for PBXNativeTarget "FMTask" */;
			buildPhases = (
				368E4AB34BF03C4FFA3F655F /* [CP] Check Pods Manifest.lock */,
				B14BA2E52260EE2A0052C971 /* Sources */,
				B14BA2E62260EE2A0052C971 /* Frameworks */,
				B14BA2E72260EE2A0052C971 /* Resources */,
				D2AABDAD15CFE1783024F332 /* [CP] Embed Pods Frameworks */,
			);
			buildRules = (
			);
			dependencies = (
			);
			name = FMTask;
			productName = FMTask;
			productReference = B14BA2E92260EE2A0052C971 /* FMTask.app */;
			productType = "com.apple.product-type.application";
		};
		B14BA2FF2260EE2C0052C971 /* FMTaskTests */ = {
			isa = PBXNativeTarget;
			buildConfigurationList = B14BA3172260EE2C0052C971 /* Build configuration list for PBXNativeTarget "FMTaskTests" */;
			buildPhases = (
				08D140DDEF4644BD6CB2EB70 /* [CP] Check Pods Manifest.lock */,
				B14BA2FC2260EE2C0052C971 /* Sources */,
				B14BA2FD2260EE2C0052C971 /* Frameworks */,
				B14BA2FE2260EE2C0052C971 /* Resources */,
			);
			buildRules = (
			);
			dependencies = (
				B14BA3022260EE2C0052C971 /* PBXTargetDependency */,
			);
			name = FMTaskTests;
			productName = FMTaskTests;
			productReference = B14BA3002260EE2C0052C971 /* FMTaskTests.xctest */;
			productType = "com.apple.product-type.bundle.unit-test";
		};
		B14BA30A2260EE2C0052C971 /* FMTaskUITests */ = {
			isa = PBXNativeTarget;
			buildConfigurationList = B14BA31A2260EE2C0052C971 /* Build configuration list for PBXNativeTarget "FMTaskUITests" */;
			buildPhases = (
				2E860466F99E3D606094DBED /* [CP] Check Pods Manifest.lock */,
				B14BA3072260EE2C0052C971 /* Sources */,
				B14BA3082260EE2C0052C971 /* Frameworks */,
				B14BA3092260EE2C0052C971 /* Resources */,
			);
			buildRules = (
			);
			dependencies = (
				B14BA30D2260EE2C0052C971 /* PBXTargetDependency */,
			);
			name = FMTaskUITests;
			productName = FMTaskUITests;
			productReference = B14BA30B2260EE2C0052C971 /* FMTaskUITests.xctest */;
			productType = "com.apple.product-type.bundle.ui-testing";
		};
/* End PBXNativeTarget section */

/* Begin PBXProject section */
		B14BA2E12260EE2A0052C971 /* Project object */ = {
			isa = PBXProject;
			attributes = {
				LastSwiftUpdateCheck = 1020;
				LastUpgradeCheck = 1020;
				ORGANIZATIONNAME = "Ruslan Arhypenko";
				TargetAttributes = {
					B14BA2E82260EE2A0052C971 = {
						CreatedOnToolsVersion = 10.2;
					};
					B14BA2FF2260EE2C0052C971 = {
						CreatedOnToolsVersion = 10.2;
						TestTargetID = B14BA2E82260EE2A0052C971;
					};
					B14BA30A2260EE2C0052C971 = {
						CreatedOnToolsVersion = 10.2;
						TestTargetID = B14BA2E82260EE2A0052C971;
					};
				};
			};
			buildConfigurationList = B14BA2E42260EE2A0052C971 /* Build configuration list for PBXProject "FMTask" */;
			compatibilityVersion = "Xcode 9.3";
			developmentRegion = en;
			hasScannedForEncodings = 0;
			knownRegions = (
				en,
				Base,
			);
			mainGroup = B14BA2E02260EE2A0052C971;
			productRefGroup = B14BA2EA2260EE2A0052C971 /* Products */;
			projectDirPath = "";
			projectRoot = "";
			targets = (
				B14BA2E82260EE2A0052C971 /* FMTask */,
				B14BA2FF2260EE2C0052C971 /* FMTaskTests */,
				B14BA30A2260EE2C0052C971 /* FMTaskUITests */,
			);
		};
/* End PBXProject section */

/* Begin PBXResourcesBuildPhase section */
		B14BA2E72260EE2A0052C971 /* Resources */ = {
			isa = PBXResourcesBuildPhase;
			buildActionMask = 2147483647;
			files = (
				B13D8F322263C0DC00D61686 /* AlbumCollectionViewCell.xib in Resources */,
				B14BA2FA2260EE2C0052C971 /* LaunchScreen.storyboard in Resources */,
				B14BA2F72260EE2C0052C971 /* Assets.xcassets in Resources */,
				B1216FEC2264B73000308486 /* CustomTableViewCell.xib in Resources */,
				B14BA2F22260EE2A0052C971 /* Main.storyboard in Resources */,
			);
			runOnlyForDeploymentPostprocessing = 0;
		};
		B14BA2FE2260EE2C0052C971 /* Resources */ = {
			isa = PBXResourcesBuildPhase;
			buildActionMask = 2147483647;
			files = (
			);
			runOnlyForDeploymentPostprocessing = 0;
		};
		B14BA3092260EE2C0052C971 /* Resources */ = {
			isa = PBXResourcesBuildPhase;
			buildActionMask = 2147483647;
			files = (
			);
			runOnlyForDeploymentPostprocessing = 0;
		};
/* End PBXResourcesBuildPhase section */

/* Begin PBXShellScriptBuildPhase section */
		08D140DDEF4644BD6CB2EB70 /* [CP] Check Pods Manifest.lock */ = {
			isa = PBXShellScriptBuildPhase;
			buildActionMask = 2147483647;
			files = (
			);
			inputFileListPaths = (
			);
			inputPaths = (
				"${PODS_PODFILE_DIR_PATH}/Podfile.lock",
				"${PODS_ROOT}/Manifest.lock",
			);
			name = "[CP] Check Pods Manifest.lock";
			outputFileListPaths = (
			);
			outputPaths = (
				"$(DERIVED_FILE_DIR)/Pods-FMTaskTests-checkManifestLockResult.txt",
			);
			runOnlyForDeploymentPostprocessing = 0;
			shellPath = /bin/sh;
			shellScript = "diff \"${PODS_PODFILE_DIR_PATH}/Podfile.lock\" \"${PODS_ROOT}/Manifest.lock\" > /dev/null\nif [ $? != 0 ] ; then\n    # print error to STDERR\n    echo \"error: The sandbox is not in sync with the Podfile.lock. Run 'pod install' or update your CocoaPods installation.\" >&2\n    exit 1\nfi\n# This output is used by Xcode 'outputs' to avoid re-running this script phase.\necho \"SUCCESS\" > \"${SCRIPT_OUTPUT_FILE_0}\"\n";
			showEnvVarsInLog = 0;
		};
		2E860466F99E3D606094DBED /* [CP] Check Pods Manifest.lock */ = {
			isa = PBXShellScriptBuildPhase;
			buildActionMask = 2147483647;
			files = (
			);
			inputFileListPaths = (
			);
			inputPaths = (
				"${PODS_PODFILE_DIR_PATH}/Podfile.lock",
				"${PODS_ROOT}/Manifest.lock",
			);
			name = "[CP] Check Pods Manifest.lock";
			outputFileListPaths = (
			);
			outputPaths = (
				"$(DERIVED_FILE_DIR)/Pods-FMTaskUITests-checkManifestLockResult.txt",
			);
			runOnlyForDeploymentPostprocessing = 0;
			shellPath = /bin/sh;
			shellScript = "diff \"${PODS_PODFILE_DIR_PATH}/Podfile.lock\" \"${PODS_ROOT}/Manifest.lock\" > /dev/null\nif [ $? != 0 ] ; then\n    # print error to STDERR\n    echo \"error: The sandbox is not in sync with the Podfile.lock. Run 'pod install' or update your CocoaPods installation.\" >&2\n    exit 1\nfi\n# This output is used by Xcode 'outputs' to avoid re-running this script phase.\necho \"SUCCESS\" > \"${SCRIPT_OUTPUT_FILE_0}\"\n";
			showEnvVarsInLog = 0;
		};
		368E4AB34BF03C4FFA3F655F /* [CP] Check Pods Manifest.lock */ = {
			isa = PBXShellScriptBuildPhase;
			buildActionMask = 2147483647;
			files = (
			);
			inputFileListPaths = (
			);
			inputPaths = (
				"${PODS_PODFILE_DIR_PATH}/Podfile.lock",
				"${PODS_ROOT}/Manifest.lock",
			);
			name = "[CP] Check Pods Manifest.lock";
			outputFileListPaths = (
			);
			outputPaths = (
				"$(DERIVED_FILE_DIR)/Pods-FMTask-checkManifestLockResult.txt",
			);
			runOnlyForDeploymentPostprocessing = 0;
			shellPath = /bin/sh;
			shellScript = "diff \"${PODS_PODFILE_DIR_PATH}/Podfile.lock\" \"${PODS_ROOT}/Manifest.lock\" > /dev/null\nif [ $? != 0 ] ; then\n    # print error to STDERR\n    echo \"error: The sandbox is not in sync with the Podfile.lock. Run 'pod install' or update your CocoaPods installation.\" >&2\n    exit 1\nfi\n# This output is used by Xcode 'outputs' to avoid re-running this script phase.\necho \"SUCCESS\" > \"${SCRIPT_OUTPUT_FILE_0}\"\n";
			showEnvVarsInLog = 0;
		};
		D2AABDAD15CFE1783024F332 /* [CP] Embed Pods Frameworks */ = {
			isa = PBXShellScriptBuildPhase;
			buildActionMask = 2147483647;
			files = (
			);
			inputFileListPaths = (
			);
			inputPaths = (
				"${PODS_ROOT}/Target Support Files/Pods-FMTask/Pods-FMTask-frameworks.sh",
				"${BUILT_PRODUCTS_DIR}/Alamofire/Alamofire.framework",
				"${BUILT_PRODUCTS_DIR}/AlamofireImage/AlamofireImage.framework",
				"${BUILT_PRODUCTS_DIR}/ObjectMapper/ObjectMapper.framework",
			);
			name = "[CP] Embed Pods Frameworks";
			outputFileListPaths = (
			);
			outputPaths = (
				"${TARGET_BUILD_DIR}/${FRAMEWORKS_FOLDER_PATH}/Alamofire.framework",
				"${TARGET_BUILD_DIR}/${FRAMEWORKS_FOLDER_PATH}/AlamofireImage.framework",
				"${TARGET_BUILD_DIR}/${FRAMEWORKS_FOLDER_PATH}/ObjectMapper.framework",
			);
			runOnlyForDeploymentPostprocessing = 0;
			shellPath = /bin/sh;
			shellScript = "\"${PODS_ROOT}/Target Support Files/Pods-FMTask/Pods-FMTask-frameworks.sh\"\n";
			showEnvVarsInLog = 0;
		};
/* End PBXShellScriptBuildPhase section */

/* Begin PBXSourcesBuildPhase section */
		B14BA2E52260EE2A0052C971 /* Sources */ = {
			isa = PBXSourcesBuildPhase;
			buildActionMask = 2147483647;
			files = (
				B18F48DD2268B8E7000ED876 /* CollectionViewFlowLayout.swift in Sources */,
				B13D8F312263C0DC00D61686 /* AlbumCollectionViewCell.swift in Sources */,
				B1E64645226A755F009782F8 /* CDAlbum+CoreDataClass.swift in Sources */,
				B1E64647226A755F009782F8 /* CDTrack+CoreDataClass.swift in Sources */,
				B14BA2F52260EE2A0052C971 /* FMTask.xcdatamodeld in Sources */,
				B121700A22662DF200308486 /* CoreDataManager.swift in Sources */,
				B14BA322226105160052C971 /* DetailViewController.swift in Sources */,
				B13D8F24226145BF00D61686 /* SearchViewController.swift in Sources */,
				B13D8F2622621A3C00D61686 /* Artist.swift in Sources */,
				B14BA32E22613BBF0052C971 /* MainScreenViewController.swift in Sources */,
				B1E64648226A755F009782F8 /* CDTrack+CoreDataProperties.swift in Sources */,
				B1216FEB2264B73000308486 /* CustomTableViewCell.swift in Sources */,
				B13D8F2C22624A8900D61686 /* AlbumsOverviewViewController.swift in Sources */,
				B13D8F2E22625FE100D61686 /* Album.swift in Sources */,
				B1E64646226A755F009782F8 /* CDAlbum+CoreDataProperties.swift in Sources */,
				B1216FEE2264FD0300308486 /* Track.swift in Sources */,
				B14BA32C226109D60052C971 /* ServerManager.swift in Sources */,
				B14BA2ED2260EE2A0052C971 /* AppDelegate.swift in Sources */,
			);
			runOnlyForDeploymentPostprocessing = 0;
		};
		B14BA2FC2260EE2C0052C971 /* Sources */ = {
			isa = PBXSourcesBuildPhase;
			buildActionMask = 2147483647;
			files = (
				B14BA3052260EE2C0052C971 /* FMTaskTests.swift in Sources */,
			);
			runOnlyForDeploymentPostprocessing = 0;
		};
		B14BA3072260EE2C0052C971 /* Sources */ = {
			isa = PBXSourcesBuildPhase;
			buildActionMask = 2147483647;
			files = (
				B14BA3102260EE2C0052C971 /* FMTaskUITests.swift in Sources */,
			);
			runOnlyForDeploymentPostprocessing = 0;
		};
/* End PBXSourcesBuildPhase section */

/* Begin PBXTargetDependency section */
		B14BA3022260EE2C0052C971 /* PBXTargetDependency */ = {
			isa = PBXTargetDependency;
			target = B14BA2E82260EE2A0052C971 /* FMTask */;
			targetProxy = B14BA3012260EE2C0052C971 /* PBXContainerItemProxy */;
		};
		B14BA30D2260EE2C0052C971 /* PBXTargetDependency */ = {
			isa = PBXTargetDependency;
			target = B14BA2E82260EE2A0052C971 /* FMTask */;
			targetProxy = B14BA30C2260EE2C0052C971 /* PBXContainerItemProxy */;
		};
/* End PBXTargetDependency section */

/* Begin PBXVariantGroup section */
		B14BA2F02260EE2A0052C971 /* Main.storyboard */ = {
			isa = PBXVariantGroup;
			children = (
				B14BA2F12260EE2A0052C971 /* Base */,
			);
			name = Main.storyboard;
			sourceTree = "<group>";
		};
		B14BA2F82260EE2C0052C971 /* LaunchScreen.storyboard */ = {
			isa = PBXVariantGroup;
			children = (
				B14BA2F92260EE2C0052C971 /* Base */,
			);
			name = LaunchScreen.storyboard;
			sourceTree = "<group>";
		};
/* End PBXVariantGroup section */

/* Begin XCBuildConfiguration section */
		B14BA3122260EE2C0052C971 /* Debug */ = {
			isa = XCBuildConfiguration;
			buildSettings = {
				ALWAYS_SEARCH_USER_PATHS = NO;
				CLANG_ANALYZER_NONNULL = YES;
				CLANG_ANALYZER_NUMBER_OBJECT_CONVERSION = YES_AGGRESSIVE;
				CLANG_CXX_LANGUAGE_STANDARD = "gnu++14";
				CLANG_CXX_LIBRARY = "libc++";
				CLANG_ENABLE_MODULES = YES;
				CLANG_ENABLE_OBJC_ARC = YES;
				CLANG_ENABLE_OBJC_WEAK = YES;
				CLANG_WARN_BLOCK_CAPTURE_AUTORELEASING = YES;
				CLANG_WARN_BOOL_CONVERSION = YES;
				CLANG_WARN_COMMA = YES;
				CLANG_WARN_CONSTANT_CONVERSION = YES;
				CLANG_WARN_DEPRECATED_OBJC_IMPLEMENTATIONS = YES;
				CLANG_WARN_DIRECT_OBJC_ISA_USAGE = YES_ERROR;
				CLANG_WARN_DOCUMENTATION_COMMENTS = YES;
				CLANG_WARN_EMPTY_BODY = YES;
				CLANG_WARN_ENUM_CONVERSION = YES;
				CLANG_WARN_INFINITE_RECURSION = YES;
				CLANG_WARN_INT_CONVERSION = YES;
				CLANG_WARN_NON_LITERAL_NULL_CONVERSION = YES;
				CLANG_WARN_OBJC_IMPLICIT_RETAIN_SELF = YES;
				CLANG_WARN_OBJC_LITERAL_CONVERSION = YES;
				CLANG_WARN_OBJC_ROOT_CLASS = YES_ERROR;
				CLANG_WARN_RANGE_LOOP_ANALYSIS = YES;
				CLANG_WARN_STRICT_PROTOTYPES = YES;
				CLANG_WARN_SUSPICIOUS_MOVE = YES;
				CLANG_WARN_UNGUARDED_AVAILABILITY = YES_AGGRESSIVE;
				CLANG_WARN_UNREACHABLE_CODE = YES;
				CLANG_WARN__DUPLICATE_METHOD_MATCH = YES;
				CODE_SIGN_IDENTITY = "iPhone Developer";
				COPY_PHASE_STRIP = NO;
				DEBUG_INFORMATION_FORMAT = dwarf;
				ENABLE_STRICT_OBJC_MSGSEND = YES;
				ENABLE_TESTABILITY = YES;
				GCC_C_LANGUAGE_STANDARD = gnu11;
				GCC_DYNAMIC_NO_PIC = NO;
				GCC_NO_COMMON_BLOCKS = YES;
				GCC_OPTIMIZATION_LEVEL = 0;
				GCC_PREPROCESSOR_DEFINITIONS = (
					"DEBUG=1",
					"$(inherited)",
				);
				GCC_WARN_64_TO_32_BIT_CONVERSION = YES;
				GCC_WARN_ABOUT_RETURN_TYPE = YES_ERROR;
				GCC_WARN_UNDECLARED_SELECTOR = YES;
				GCC_WARN_UNINITIALIZED_AUTOS = YES_AGGRESSIVE;
				GCC_WARN_UNUSED_FUNCTION = YES;
				GCC_WARN_UNUSED_VARIABLE = YES;
				IPHONEOS_DEPLOYMENT_TARGET = 12.2;
				MTL_ENABLE_DEBUG_INFO = INCLUDE_SOURCE;
				MTL_FAST_MATH = YES;
				ONLY_ACTIVE_ARCH = YES;
				SDKROOT = iphoneos;
				SWIFT_ACTIVE_COMPILATION_CONDITIONS = DEBUG;
				SWIFT_OPTIMIZATION_LEVEL = "-Onone";
			};
			name = Debug;
		};
		B14BA3132260EE2C0052C971 /* Release */ = {
			isa = XCBuildConfiguration;
			buildSettings = {
				ALWAYS_SEARCH_USER_PATHS = NO;
				CLANG_ANALYZER_NONNULL = YES;
				CLANG_ANALYZER_NUMBER_OBJECT_CONVERSION = YES_AGGRESSIVE;
				CLANG_CXX_LANGUAGE_STANDARD = "gnu++14";
				CLANG_CXX_LIBRARY = "libc++";
				CLANG_ENABLE_MODULES = YES;
				CLANG_ENABLE_OBJC_ARC = YES;
				CLANG_ENABLE_OBJC_WEAK = YES;
				CLANG_WARN_BLOCK_CAPTURE_AUTORELEASING = YES;
				CLANG_WARN_BOOL_CONVERSION = YES;
				CLANG_WARN_COMMA = YES;
				CLANG_WARN_CONSTANT_CONVERSION = YES;
				CLANG_WARN_DEPRECATED_OBJC_IMPLEMENTATIONS = YES;
				CLANG_WARN_DIRECT_OBJC_ISA_USAGE = YES_ERROR;
				CLANG_WARN_DOCUMENTATION_COMMENTS = YES;
				CLANG_WARN_EMPTY_BODY = YES;
				CLANG_WARN_ENUM_CONVERSION = YES;
				CLANG_WARN_INFINITE_RECURSION = YES;
				CLANG_WARN_INT_CONVERSION = YES;
				CLANG_WARN_NON_LITERAL_NULL_CONVERSION = YES;
				CLANG_WARN_OBJC_IMPLICIT_RETAIN_SELF = YES;
				CLANG_WARN_OBJC_LITERAL_CONVERSION = YES;
				CLANG_WARN_OBJC_ROOT_CLASS = YES_ERROR;
				CLANG_WARN_RANGE_LOOP_ANALYSIS = YES;
				CLANG_WARN_STRICT_PROTOTYPES = YES;
				CLANG_WARN_SUSPICIOUS_MOVE = YES;
				CLANG_WARN_UNGUARDED_AVAILABILITY = YES_AGGRESSIVE;
				CLANG_WARN_UNREACHABLE_CODE = YES;
				CLANG_WARN__DUPLICATE_METHOD_MATCH = YES;
				CODE_SIGN_IDENTITY = "iPhone Developer";
				COPY_PHASE_STRIP = NO;
				DEBUG_INFORMATION_FORMAT = "dwarf-with-dsym";
				ENABLE_NS_ASSERTIONS = NO;
				ENABLE_STRICT_OBJC_MSGSEND = YES;
				GCC_C_LANGUAGE_STANDARD = gnu11;
				GCC_NO_COMMON_BLOCKS = YES;
				GCC_WARN_64_TO_32_BIT_CONVERSION = YES;
				GCC_WARN_ABOUT_RETURN_TYPE = YES_ERROR;
				GCC_WARN_UNDECLARED_SELECTOR = YES;
				GCC_WARN_UNINITIALIZED_AUTOS = YES_AGGRESSIVE;
				GCC_WARN_UNUSED_FUNCTION = YES;
				GCC_WARN_UNUSED_VARIABLE = YES;
				IPHONEOS_DEPLOYMENT_TARGET = 12.2;
				MTL_ENABLE_DEBUG_INFO = NO;
				MTL_FAST_MATH = YES;
				SDKROOT = iphoneos;
				SWIFT_COMPILATION_MODE = wholemodule;
				SWIFT_OPTIMIZATION_LEVEL = "-O";
				VALIDATE_PRODUCT = YES;
			};
			name = Release;
		};
		B14BA3152260EE2C0052C971 /* Debug */ = {
			isa = XCBuildConfiguration;
			baseConfigurationReference = 5E615B78F7F286FEFC661239 /* Pods-FMTask.debug.xcconfig */;
			buildSettings = {
				ASSETCATALOG_COMPILER_APPICON_NAME = AppIcon;
				CODE_SIGN_STYLE = Automatic;
				DEVELOPMENT_TEAM = 6Y53L9635B;
				INFOPLIST_FILE = FMTask/Info.plist;
				LD_RUNPATH_SEARCH_PATHS = (
					"$(inherited)",
					"@executable_path/Frameworks",
				);
				PRODUCT_BUNDLE_IDENTIFIER = "com.ruslan-arkhypenko.FMTask";
				PRODUCT_NAME = "$(TARGET_NAME)";
				SWIFT_VERSION = 5.0;
				TARGETED_DEVICE_FAMILY = 1;
			};
			name = Debug;
		};
		B14BA3162260EE2C0052C971 /* Release */ = {
			isa = XCBuildConfiguration;
			baseConfigurationReference = F87DE8980B4643AB21D4527A /* Pods-FMTask.release.xcconfig */;
			buildSettings = {
				ASSETCATALOG_COMPILER_APPICON_NAME = AppIcon;
				CODE_SIGN_STYLE = Automatic;
				DEVELOPMENT_TEAM = 6Y53L9635B;
				INFOPLIST_FILE = FMTask/Info.plist;
				LD_RUNPATH_SEARCH_PATHS = (
					"$(inherited)",
					"@executable_path/Frameworks",
				);
				PRODUCT_BUNDLE_IDENTIFIER = "com.ruslan-arkhypenko.FMTask";
				PRODUCT_NAME = "$(TARGET_NAME)";
				SWIFT_VERSION = 5.0;
				TARGETED_DEVICE_FAMILY = 1;
			};
			name = Release;
		};
		B14BA3182260EE2C0052C971 /* Debug */ = {
			isa = XCBuildConfiguration;
			baseConfigurationReference = 8DD65CF98A3DDA53EC9A91D1 /* Pods-FMTaskTests.debug.xcconfig */;
			buildSettings = {
				ALWAYS_EMBED_SWIFT_STANDARD_LIBRARIES = YES;
				BUNDLE_LOADER = "$(TEST_HOST)";
				CODE_SIGN_STYLE = Automatic;
				DEVELOPMENT_TEAM = 6Y53L9635B;
				INFOPLIST_FILE = FMTaskTests/Info.plist;
				LD_RUNPATH_SEARCH_PATHS = (
					"$(inherited)",
					"@executable_path/Frameworks",
					"@loader_path/Frameworks",
				);
				PRODUCT_BUNDLE_IDENTIFIER = "com.ruslan-arkhypenko.FMTaskTests";
				PRODUCT_NAME = "$(TARGET_NAME)";
				SWIFT_VERSION = 5.0;
				TARGETED_DEVICE_FAMILY = "1,2";
				TEST_HOST = "$(BUILT_PRODUCTS_DIR)/FMTask.app/FMTask";
			};
			name = Debug;
		};
		B14BA3192260EE2C0052C971 /* Release */ = {
			isa = XCBuildConfiguration;
			baseConfigurationReference = F3E8C33C800221DA00AA5629 /* Pods-FMTaskTests.release.xcconfig */;
			buildSettings = {
				ALWAYS_EMBED_SWIFT_STANDARD_LIBRARIES = YES;
				BUNDLE_LOADER = "$(TEST_HOST)";
				CODE_SIGN_STYLE = Automatic;
				DEVELOPMENT_TEAM = 6Y53L9635B;
				INFOPLIST_FILE = FMTaskTests/Info.plist;
				LD_RUNPATH_SEARCH_PATHS = (
					"$(inherited)",
					"@executable_path/Frameworks",
					"@loader_path/Frameworks",
				);
				PRODUCT_BUNDLE_IDENTIFIER = "com.ruslan-arkhypenko.FMTaskTests";
				PRODUCT_NAME = "$(TARGET_NAME)";
				SWIFT_VERSION = 5.0;
				TARGETED_DEVICE_FAMILY = "1,2";
				TEST_HOST = "$(BUILT_PRODUCTS_DIR)/FMTask.app/FMTask";
			};
			name = Release;
		};
		B14BA31B2260EE2C0052C971 /* Debug */ = {
			isa = XCBuildConfiguration;
			baseConfigurationReference = 5D022C880297163F2CA8DBB1 /* Pods-FMTaskUITests.debug.xcconfig */;
			buildSettings = {
				ALWAYS_EMBED_SWIFT_STANDARD_LIBRARIES = YES;
				CODE_SIGN_STYLE = Automatic;
				DEVELOPMENT_TEAM = 6Y53L9635B;
				INFOPLIST_FILE = FMTaskUITests/Info.plist;
				LD_RUNPATH_SEARCH_PATHS = (
					"$(inherited)",
					"@executable_path/Frameworks",
					"@loader_path/Frameworks",
				);
				PRODUCT_BUNDLE_IDENTIFIER = "com.ruslan-arkhypenko.FMTaskUITests";
				PRODUCT_NAME = "$(TARGET_NAME)";
				SWIFT_VERSION = 5.0;
				TARGETED_DEVICE_FAMILY = "1,2";
				TEST_TARGET_NAME = FMTask;
			};
			name = Debug;
		};
		B14BA31C2260EE2C0052C971 /* Release */ = {
			isa = XCBuildConfiguration;
			baseConfigurationReference = 32D126E361CA888AC542739A /* Pods-FMTaskUITests.release.xcconfig */;
			buildSettings = {
				ALWAYS_EMBED_SWIFT_STANDARD_LIBRARIES = YES;
				CODE_SIGN_STYLE = Automatic;
				DEVELOPMENT_TEAM = 6Y53L9635B;
				INFOPLIST_FILE = FMTaskUITests/Info.plist;
				LD_RUNPATH_SEARCH_PATHS = (
					"$(inherited)",
					"@executable_path/Frameworks",
					"@loader_path/Frameworks",
				);
				PRODUCT_BUNDLE_IDENTIFIER = "com.ruslan-arkhypenko.FMTaskUITests";
				PRODUCT_NAME = "$(TARGET_NAME)";
				SWIFT_VERSION = 5.0;
				TARGETED_DEVICE_FAMILY = "1,2";
				TEST_TARGET_NAME = FMTask;
			};
			name = Release;
		};
/* End XCBuildConfiguration section */

/* Begin XCConfigurationList section */
		B14BA2E42260EE2A0052C971 /* Build configuration list for PBXProject "FMTask" */ = {
			isa = XCConfigurationList;
			buildConfigurations = (
				B14BA3122260EE2C0052C971 /* Debug */,
				B14BA3132260EE2C0052C971 /* Release */,
			);
			defaultConfigurationIsVisible = 0;
			defaultConfigurationName = Release;
		};
		B14BA3142260EE2C0052C971 /* Build configuration list for PBXNativeTarget "FMTask" */ = {
			isa = XCConfigurationList;
			buildConfigurations = (
				B14BA3152260EE2C0052C971 /* Debug */,
				B14BA3162260EE2C0052C971 /* Release */,
			);
			defaultConfigurationIsVisible = 0;
			defaultConfigurationName = Release;
		};
		B14BA3172260EE2C0052C971 /* Build configuration list for PBXNativeTarget "FMTaskTests" */ = {
			isa = XCConfigurationList;
			buildConfigurations = (
				B14BA3182260EE2C0052C971 /* Debug */,
				B14BA3192260EE2C0052C971 /* Release */,
			);
			defaultConfigurationIsVisible = 0;
			defaultConfigurationName = Release;
		};
		B14BA31A2260EE2C0052C971 /* Build configuration list for PBXNativeTarget "FMTaskUITests" */ = {
			isa = XCConfigurationList;
			buildConfigurations = (
				B14BA31B2260EE2C0052C971 /* Debug */,
				B14BA31C2260EE2C0052C971 /* Release */,
			);
			defaultConfigurationIsVisible = 0;
			defaultConfigurationName = Release;
		};
/* End XCConfigurationList section */

/* Begin XCVersionGroup section */
		B14BA2F32260EE2A0052C971 /* FMTask.xcdatamodeld */ = {
			isa = XCVersionGroup;
			children = (
				B14BA2F42260EE2A0052C971 /* FMTask.xcdatamodel */,
			);
			currentVersion = B14BA2F42260EE2A0052C971 /* FMTask.xcdatamodel */;
			path = FMTask.xcdatamodeld;
			sourceTree = "<group>";
			versionGroupType = wrapper.xcdatamodel;
		};
/* End XCVersionGroup section */
	};
	rootObject = B14BA2E12260EE2A0052C971 /* Project object */;
}
